
Microsoft Visual Studio Solution File, Format Version 12.00
# Visual Studio 15
VisualStudioVersion = 15.0.28307.1259
MinimumVisualStudioVersion = 10.0.40219.1
Project("{FAE04EC0-301F-11D3-BF4B-00C04F79EFBC}") = "diseño", "diseño\diseño.csproj", "{B40E5465-A692-4612-916E-C3B4550DDCA5}"
EndProject
Global
	GlobalSection(SolutionConfigurationPlatforms) = preSolution
		Debug|Any CPU = Debug|Any CPU
		Release|Any CPU = Release|Any CPU
	EndGlobalSection
	GlobalSection(ProjectConfigurationPlatforms) = postSolution
		{B40E5465-A692-4612-916E-C3B4550DDCA5}.Debug|Any CPU.ActiveCfg = Debug|Any CPU
		{B40E5465-A692-4612-916E-C3B4550DDCA5}.Debug|Any CPU.Build.0 = Debug|Any CPU
		{B40E5465-A692-4612-916E-C3B4550DDCA5}.Release|Any CPU.ActiveCfg = Release|Any CPU
		{B40E5465-A692-4612-916E-C3B4550DDCA5}.Release|Any CPU.Build.0 = Release|Any CPU
	EndGlobalSection
	GlobalSection(SolutionProperties) = preSolution
		HideSolutionNode = FALSE
	EndGlobalSection
	GlobalSection(ExtensibilityGlobals) = postSolution
		SolutionGuid = {AEFD5260-D918-4217-9362-60DF90271200}
	EndGlobalSection
EndGlobal
